// !$*UTF8*$!
{
	archiveVersion = 1;
	classes = {
	};
	objectVersion = 50;
	objects = {

/* Begin PBXBuildFile section */
		22D548132722F21200A95A51 /* AppDelegate.swift in Sources */ = {isa = PBXBuildFile; fileRef = 22D548122722F21200A95A51 /* AppDelegate.swift */; };
		22D548152722F21200A95A51 /* SceneDelegate.swift in Sources */ = {isa = PBXBuildFile; fileRef = 22D548142722F21200A95A51 /* SceneDelegate.swift */; };
		22D548172722F21200A95A51 /* ViewController.swift in Sources */ = {isa = PBXBuildFile; fileRef = 22D548162722F21200A95A51 /* ViewController.swift */; };
		22D5481A2722F21200A95A51 /* Main.storyboard in Resources */ = {isa = PBXBuildFile; fileRef = 22D548182722F21200A95A51 /* Main.storyboard */; };
		22D5481C2722F21400A95A51 /* Assets.xcassets in Resources */ = {isa = PBXBuildFile; fileRef = 22D5481B2722F21400A95A51 /* Assets.xcassets */; };
		22D5481F2722F21400A95A51 /* LaunchScreen.storyboard in Resources */ = {isa = PBXBuildFile; fileRef = 22D5481D2722F21400A95A51 /* LaunchScreen.storyboard */; };
		22D548272722FD3400A95A51 /* userViewController.swift in Sources */ = {isa = PBXBuildFile; fileRef = 22D548262722FD3400A95A51 /* userViewController.swift */; };
/* End PBXBuildFile section */

/* Begin PBXFileReference section */
		22D5480F2722F21200A95A51 /* loginSample.app */ = {isa = PBXFileReference; explicitFileType = wrapper.application; includeInIndex = 0; path = loginSample.app; sourceTree = BUILT_PRODUCTS_DIR; };
		22D548122722F21200A95A51 /* AppDelegate.swift */ = {isa = PBXFileReference; lastKnownFileType = sourcecode.swift; path = AppDelegate.swift; sourceTree = "<group>"; };
		22D548142722F21200A95A51 /* SceneDelegate.swift */ = {isa = PBXFileReference; lastKnownFileType = sourcecode.swift; path = SceneDelegate.swift; sourceTree = "<group>"; };
		22D548162722F21200A95A51 /* ViewController.swift */ = {isa = PBXFileReference; lastKnownFileType = sourcecode.swift; path = ViewController.swift; sourceTree = "<group>"; };
		22D548192722F21200A95A51 /* Base */ = {isa = PBXFileReference; lastKnownFileType = file.storyboard; name = Base; path = Base.lproj/Main.storyboard; sourceTree = "<group>"; };
		22D5481B2722F21400A95A51 /* Assets.xcassets */ = {isa = PBXFileReference; lastKnownFileType = folder.assetcatalog; path = Assets.xcassets; sourceTree = "<group>"; };
		22D5481E2722F21400A95A51 /* Base */ = {isa = PBXFileReference; lastKnownFileType = file.storyboard; name = Base; path = Base.lproj/LaunchScreen.storyboard; sourceTree = "<group>"; };
		22D548202722F21400A95A51 /* Info.plist */ = {isa = PBXFileReference; lastKnownFileType = text.plist.xml; path = Info.plist; sourceTree = "<group>"; };
		22D548262722FD3400A95A51 /* userViewController.swift */ = {isa = PBXFileReference; lastKnownFileType = sourcecode.swift; path = userViewController.swift; sourceTree = "<group>"; };
/* End PBXFileReference section */

/* Begin PBXFrameworksBuildPhase section */
		22D5480C2722F21200A95A51 /* Frameworks */ = {
			isa = PBXFrameworksBuildPhase;
			buildActionMask = 2147483647;
			files = (
			);
			runOnlyForDeploymentPostprocessing = 0;
		};
/* End PBXFrameworksBuildPhase section */

/* Begin PBXGroup section */
		22D548062722F21200A95A51 = {
			isa = PBXGroup;
			children = (
				22D548112722F21200A95A51 /* loginSample */,
				22D548102722F21200A95A51 /* Products */,
			);
			sourceTree = "<group>";
		};
		22D548102722F21200A95A51 /* Products */ = {
			isa = PBXGroup;
			children = (
				22D5480F2722F21200A95A51 /* loginSample.app */,
			);
			name = Products;
			sourceTree = "<group>";
		};
		22D548112722F21200A95A51 /* loginSample */ = {
			isa = PBXGroup;
			children = (
				22D548122722F21200A95A51 /* AppDelegate.swift */,
				22D548142722F21200A95A51 /* SceneDelegate.swift */,
				22D548162722F21200A95A51 /* ViewController.swift */,
				22D548262722FD3400A95A51 /* userViewController.swift */,
				22D548182722F21200A95A51 /* Main.storyboard */,
				22D5481B2722F21400A95A51 /* Assets.xcassets */,
				22D5481D2722F21400A95A51 /* LaunchScreen.storyboard */,
				22D548202722F21400A95A51 /* Info.plist */,
			);
			path = loginSample;
			sourceTree = "<group>";
		};
/* End PBXGroup section */

/* Begin PBXNativeTarget section */
		22D5480E2722F21200A95A51 /* loginSample */ = {
			isa = PBXNativeTarget;
			buildConfigurationList = 22D548232722F21400A95A51 /* Build configuration list for PBXNativeTarget "loginSample" */;
			buildPhases = (
				22D5480B2722F21200A95A51 /* Sources */,
				22D5480C2722F21200A95A51 /* Frameworks */,
				22D5480D2722F21200A95A51 /* Resources */,
			);
			buildRules = (
			);
			dependencies = (
			);
			name = loginSample;
			productName = loginSample;
			productReference = 22D5480F2722F21200A95A51 /* loginSample.app */;
			productType = "com.apple.product-type.application";
		};
/* End PBXNativeTarget section */

/* Begin PBXProject section */
		22D548072722F21200A95A51 /* Project object */ = {
			isa = PBXProject;
			attributes = {
				LastSwiftUpdateCheck = 1250;
				LastUpgradeCheck = 1250;
				TargetAttributes = {
					22D5480E2722F21200A95A51 = {
						CreatedOnToolsVersion = 12.5.1;
					};
				};
			};
			buildConfigurationList = 22D5480A2722F21200A95A51 /* Build configuration list for PBXProject "loginSample" */;
			compatibilityVersion = "Xcode 9.3";
			developmentRegion = en;
			hasScannedForEncodings = 0;
			knownRegions = (
				en,
				Base,
			);
			mainGroup = 22D548062722F21200A95A51;
			productRefGroup = 22D548102722F21200A95A51 /* Products */;
			projectDirPath = "";
			projectRoot = "";
			targets = (
				22D5480E2722F21200A95A51 /* loginSample */,
			);
		};
/* End PBXProject section */

/* Begin PBXResourcesBuildPhase section */
		22D5480D2722F21200A95A51 /* Resources */ = {
			isa = PBXResourcesBuildPhase;
			buildActionMask = 2147483647;
			files = (
				22D5481F2722F21400A95A51 /* LaunchScreen.storyboard in Resources */,
				22D5481C2722F21400A95A51 /* Assets.xcassets in Resources */,
				22D5481A2722F21200A95A51 /* Main.storyboard in Resources */,
			);
			runOnlyForDeploymentPostprocessing = 0;
		};
/* End PBXResourcesBuildPhase section */

/* Begin PBXSourcesBuildPhase section */
		22D5480B2722F21200A95A51 /* Sources */ = {
			isa = PBXSourcesBuildPhase;
			buildActionMask = 2147483647;
			files = (
				22D548172722F21200A95A51 /* ViewController.swift in Sources */,
				22D548272722FD3400A95A51 /* userViewController.swift in Sources */,
				22D548132722F21200A95A51 /* AppDelegate.swift in Sources */,
				22D548152722F21200A95A51 /* SceneDelegate.swift in Sources */,
			);
			runOnlyForDeploymentPostprocessing = 0;
		};
/* End PBXSourcesBuildPhase section */

/* Begin PBXVariantGroup section */
		22D548182722F21200A95A51 /* Main.storyboard */ = {
			isa = PBXVariantGroup;
			children = (
				22D548192722F21200A95A51 /* Base */,
			);
			name = Main.storyboard;
			sourceTree = "<group>";
		};
		22D5481D2722F21400A95A51 /* LaunchScreen.storyboard */ = {
			isa = PBXVariantGroup;
			children = (
				22D5481E2722F21400A95A51 /* Base */,
			);
			name = LaunchScreen.storyboard;
			sourceTree = "<group>";
		};
/* End PBXVariantGroup section */

/* Begin XCBuildConfiguration section */
		22D548212722F21400A95A51 /* Debug */ = {
			isa = XCBuildConfiguration;
			buildSettings = {
				ALWAYS_SEARCH_USER_PATHS = NO;
				CLANG_ANALYZER_NONNULL = YES;
				CLANG_ANALYZER_NUMBER_OBJECT_CONVERSION = YES_AGGRESSIVE;
				CLANG_CXX_LANGUAGE_STANDARD = "gnu++14";
				CLANG_CXX_LIBRARY = "libc++";
				CLANG_ENABLE_MODULES = YES;
				CLANG_ENABLE_OBJC_ARC = YES;
				CLANG_ENABLE_OBJC_WEAK = YES;
				CLANG_WARN_BLOCK_CAPTURE_AUTORELEASING = YES;
				CLANG_WARN_BOOL_CONVERSION = YES;
				CLANG_WARN_COMMA = YES;
				CLANG_WARN_CONSTANT_CONVERSION = YES;
				CLANG_WARN_DEPRECATED_OBJC_IMPLEMENTATIONS = YES;
				CLANG_WARN_DIRECT_OBJC_ISA_USAGE = YES_ERROR;
				CLANG_WARN_DOCUMENTATION_COMMENTS = YES;
				CLANG_WARN_EMPTY_BODY = YES;
				CLANG_WARN_ENUM_CONVERSION = YES;
				CLANG_WARN_INFINITE_RECURSION = YES;
				CLANG_WARN_INT_CONVERSION = YES;
				CLANG_WARN_NON_LITERAL_NULL_CONVERSION = YES;
				CLANG_WARN_OBJC_IMPLICIT_RETAIN_SELF = YES;
				CLANG_WARN_OBJC_LITERAL_CONVERSION = YES;
				CLANG_WARN_OBJC_ROOT_CLASS = YES_ERROR;
				CLANG_WARN_QUOTED_INCLUDE_IN_FRAMEWORK_HEADER = YES;
				CLANG_WARN_RANGE_LOOP_ANALYSIS = YES;
				CLANG_WARN_STRICT_PROTOTYPES = YES;
				CLANG_WARN_SUSPICIOUS_MOVE = YES;
				CLANG_WARN_UNGUARDED_AVAILABILITY = YES_AGGRESSIVE;
				CLANG_WARN_UNREACHABLE_CODE = YES;
				CLANG_WARN__DUPLICATE_METHOD_MATCH = YES;
				COPY_PHASE_STRIP = NO;
				DEBUG_INFORMATION_FORMAT = dwarf;
				ENABLE_STRICT_OBJC_MSGSEND = YES;
				ENABLE_TESTABILITY = YES;
				GCC_C_LANGUAGE_STANDARD = gnu11;
				GCC_DYNAMIC_NO_PIC = NO;
				GCC_NO_COMMON_BLOCKS = YES;
				GCC_OPTIMIZATION_LEVEL = 0;
				GCC_PREPROCESSOR_DEFINITIONS = (
					"DEBUG=1",
					"$(inherited)",
				);
				GCC_WARN_64_TO_32_BIT_CONVERSION = YES;
				GCC_WARN_ABOUT_RETURN_TYPE = YES_ERROR;
				GCC_WARN_UNDECLARED_SELECTOR = YES;
				GCC_WARN_UNINITIALIZED_AUTOS = YES_AGGRESSIVE;
				GCC_WARN_UNUSED_FUNCTION = YES;
				GCC_WARN_UNUSED_VARIABLE = YES;
				IPHONEOS_DEPLOYMENT_TARGET = 14.5;
				MTL_ENABLE_DEBUG_INFO = INCLUDE_SOURCE;
				MTL_FAST_MATH = YES;
				ONLY_ACTIVE_ARCH = YES;
				SDKROOT = iphoneos;
				SWIFT_ACTIVE_COMPILATION_CONDITIONS = DEBUG;
				SWIFT_OPTIMIZATION_LEVEL = "-Onone";
			};
			name = Debug;
		};
		22D548222722F21400A95A51 /* Release */ = {
			isa = XCBuildConfiguration;
			buildSettings = {
				ALWAYS_SEARCH_USER_PATHS = NO;
				CLANG_ANALYZER_NONNULL = YES;
				CLANG_ANALYZER_NUMBER_OBJECT_CONVERSION = YES_AGGRESSIVE;
				CLANG_CXX_LANGUAGE_STANDARD = "gnu++14";
				CLANG_CXX_LIBRARY = "libc++";
				CLANG_ENABLE_MODULES = YES;
				CLANG_ENABLE_OBJC_ARC = YES;
				CLANG_ENABLE_OBJC_WEAK = YES;
				CLANG_WARN_BLOCK_CAPTURE_AUTORELEASING = YES;
				CLANG_WARN_BOOL_CONVERSION = YES;
				CLANG_WARN_COMMA = YES;
				CLANG_WARN_CONSTANT_CONVERSION = YES;
				CLANG_WARN_DEPRECATED_OBJC_IMPLEMENTATIONS = YES;
				CLANG_WARN_DIRECT_OBJC_ISA_USAGE = YES_ERROR;
				CLANG_WARN_DOCUMENTATION_COMMENTS = YES;
				CLANG_WARN_EMPTY_BODY = YES;
				CLANG_WARN_ENUM_CONVERSION = YES;
				CLANG_WARN_INFINITE_RECURSION = YES;
				CLANG_WARN_INT_CONVERSION = YES;
				CLANG_WARN_NON_LITERAL_NULL_CONVERSION = YES;
				CLANG_WARN_OBJC_IMPLICIT_RETAIN_SELF = YES;
				CLANG_WARN_OBJC_LITERAL_CONVERSION = YES;
				CLANG_WARN_OBJC_ROOT_CLASS = YES_ERROR;
				CLANG_WARN_QUOTED_INCLUDE_IN_FRAMEWORK_HEADER = YES;
				CLANG_WARN_RANGE_LOOP_ANALYSIS = YES;
				CLANG_WARN_STRICT_PROTOTYPES = YES;
				CLANG_WARN_SUSPICIOUS_MOVE = YES;
				CLANG_WARN_UNGUARDED_AVAILABILITY = YES_AGGRESSIVE;
				CLANG_WARN_UNREACHABLE_CODE = YES;
				CLANG_WARN__DUPLICATE_METHOD_MATCH = YES;
				COPY_PHASE_STRIP = NO;
				DEBUG_INFORMATION_FORMAT = "dwarf-with-dsym";
				ENABLE_NS_ASSERTIONS = NO;
				ENABLE_STRICT_OBJC_MSGSEND = YES;
				GCC_C_LANGUAGE_STANDARD = gnu11;
				GCC_NO_COMMON_BLOCKS = YES;
				GCC_WARN_64_TO_32_BIT_CONVERSION = YES;
				GCC_WARN_ABOUT_RETURN_TYPE = YES_ERROR;
				GCC_WARN_UNDECLARED_SELECTOR = YES;
				GCC_WARN_UNINITIALIZED_AUTOS = YES_AGGRESSIVE;
				GCC_WARN_UNUSED_FUNCTION = YES;
				GCC_WARN_UNUSED_VARIABLE = YES;
				IPHONEOS_DEPLOYMENT_TARGET = 14.5;
				MTL_ENABLE_DEBUG_INFO = NO;
				MTL_FAST_MATH = YES;
				SDKROOT = iphoneos;
				SWIFT_COMPILATION_MODE = wholemodule;
				SWIFT_OPTIMIZATION_LEVEL = "-O";
				VALIDATE_PRODUCT = YES;
			};
			name = Release;
		};
		22D548242722F21400A95A51 /* Debug */ = {
			isa = XCBuildConfiguration;
			buildSettings = {
				ASSETCATALOG_COMPILER_APPICON_NAME = AppIcon;
				ASSETCATALOG_COMPILER_GLOBAL_ACCENT_COLOR_NAME = AccentColor;
				CODE_SIGN_STYLE = Automatic;
				DEVELOPMENT_TEAM = G4RSAT9MJX;
				INFOPLIST_FILE = loginSample/Info.plist;
				IPHONEOS_DEPLOYMENT_TARGET = 13.0;
				LD_RUNPATH_SEARCH_PATHS = (
					"$(inherited)",
					"@executable_path/Frameworks",
				);
				PRODUCT_BUNDLE_IDENTIFIER = xaljava.loginSample;
				PRODUCT_NAME = "$(TARGET_NAME)";
				SWIFT_VERSION = 5.0;
				TARGETED_DEVICE_FAMILY = 1;
			};
			name = Debug;
		};
		22D548252722F21400A95A51 /* Release */ = {
			isa = XCBuildConfiguration;
			buildSettings = {
				ASSETCATALOG_COMPILER_APPICON_NAME = AppIcon;
				ASSETCATALOG_COMPILER_GLOBAL_ACCENT_COLOR_NAME = AccentColor;
				CODE_SIGN_STYLE = Automatic;
				DEVELOPMENT_TEAM = G4RSAT9MJX;
				INFOPLIST_FILE = loginSample/Info.plist;
				IPHONEOS_DEPLOYMENT_TARGET = 13.0;
				LD_RUNPATH_SEARCH_PATHS = (
					"$(inherited)",
					"@executable_path/Frameworks",
				);
				PRODUCT_BUNDLE_IDENTIFIER = xaljava.loginSample;
				PRODUCT_NAME = "$(TARGET_NAME)";
				SWIFT_VERSION = 5.0;
				TARGETED_DEVICE_FAMILY = 1;
			};
			name = Release;
		};
/* End XCBuildConfiguration section */

/* Begin XCConfigurationList section */
		22D5480A2722F21200A95A51 /* Build configuration list for PBXProject "loginSample" */ = {
			isa = XCConfigurationList;
			buildConfigurations = (
				22D548212722F21400A95A51 /* Debug */,
				22D548222722F21400A95A51 /* Release */,
			);
			defaultConfigurationIsVisible = 0;
			defaultConfigurationName = Release;
		};
		22D548232722F21400A95A51 /* Build configuration list for PBXNativeTarget "loginSample" */ = {
			isa = XCConfigurationList;
			buildConfigurations = (
				22D548242722F21400A95A51 /* Debug */,
				22D548252722F21400A95A51 /* Release */,
			);
			defaultConfigurationIsVisible = 0;
			defaultConfigurationName = Release;
		};
/* End XCConfigurationList section */
	};
	rootObject = 22D548072722F21200A95A51 /* Project object */;
}
